
Microsoft Visual Studio Solution File, Format Version 12.00
# Visual Studio Version 17
VisualStudioVersion = 17.3.32922.545
MinimumVisualStudioVersion = 10.0.40219.1
Project("{8BC9CEB8-8B4A-11D0-8D11-00A0C91BC942}") = "Bootstrap", "bootstrap\Bootstrap.vcxproj", "{AF59BB0B-E059-4773-83DC-728A949647DA}"
EndProject
Project("{8BC9CEB8-8B4A-11D0-8D11-00A0C91BC942}") = "Project2D", "Project2D\Project2D.vcxproj", "{3F428D0C-1CC8-47C3-818A-A3C2972C74C9}"
	ProjectSection(ProjectDependencies) = postProject
		{AF59BB0B-E059-4773-83DC-728A949647DA} = {AF59BB0B-E059-4773-83DC-728A949647DA}
	EndProjectSection
EndProject
Project("{8BC9CEB8-8B4A-11D0-8D11-00A0C91BC942}") = "Project3D", "Project3D\Project3D.vcxproj", "{EA21C4DF-E331-4FCF-8513-14A3F56B77F3}"
	ProjectSection(ProjectDependencies) = postProject
		{AF59BB0B-E059-4773-83DC-728A949647DA} = {AF59BB0B-E059-4773-83DC-728A949647DA}
	EndProjectSection
EndProject
Project("{8BC9CEB8-8B4A-11D0-8D11-00A0C91BC942}") = "Project2DBalls", "Project2DBalls\Project2DBalls.vcxproj", "{FCAEE833-6407-4A7E-9BF4-C59027843396}"
EndProject
Project("{8BC9CEB8-8B4A-11D0-8D11-00A0C91BC942}") = "1FixedTimestep", "1FixedTimestep\1FixedTimestep.vcxproj", "{ABDAAC1D-BCD1-4692-9BBC-A02D1A13C405}"
EndProject
Project("{8BC9CEB8-8B4A-11D0-8D11-00A0C91BC942}") = "2LinearForceMom", "2LinearForceMom\2LinearForceMom.vcxproj", "{CE3ABA65-305A-4D06-A646-73B654B4841F}"
EndProject
Project("{8BC9CEB8-8B4A-11D0-8D11-00A0C91BC942}") = "ProjectilePhysics", "ProjectilePhysics\ProjectilePhysics.vcxproj", "{81C708A2-4A22-4487-96A1-F132DD1CC1AF}"
EndProject
Project("{8BC9CEB8-8B4A-11D0-8D11-00A0C91BC942}") = "2LinearForceMomRocket", "2LinearForceMomRocket\2LinearForceMomRocket.vcxproj", "{9AA4BFA9-077B-411A-B596-AA330A6D2A9D}"
EndProject
Project("{8BC9CEB8-8B4A-11D0-8D11-00A0C91BC942}") = "3CollisionDetection", "3CollisionDetection\3CollisionDetection.vcxproj", "{2B8F755E-F340-4B40-A4C3-86719D189FE4}"
EndProject
Project("{8BC9CEB8-8B4A-11D0-8D11-00A0C91BC942}") = "Project2DTinker", "Project2DTinker\Project2DTinker.vcxproj", "{AFA93C0B-405D-42C2-89F3-811D1A7BC7EF}"
EndProject
Project("{8BC9CEB8-8B4A-11D0-8D11-00A0C91BC942}") = "4CollisionResolution", "4CollisionResolution\4CollisionResolution.vcxproj", "{718ED60E-AFA9-424E-9C19-5C471E7610B3}"
EndProject
Project("{8BC9CEB8-8B4A-11D0-8D11-00A0C91BC942}") = "5CollisionResolution", "5CollisionResolution\5CollisionResolution.vcxproj", "{6BAA5E57-BA2E-4A1B-8A3F-B32998C87E08}"
EndProject
Project("{8BC9CEB8-8B4A-11D0-8D11-00A0C91BC942}") = "4PhysicsEngineTests", "4PhysicsEngineTests\4PhysicsEngineTests.vcxproj", "{BB2071A4-1EE4-4A97-8DCC-E198B2626B42}"
EndProject
Project("{8BC9CEB8-8B4A-11D0-8D11-00A0C91BC942}") = "6CollisionResponse", "6CollisionResponse\6CollisionResponse.vcxproj", "{2E85D6A4-C5D3-4742-8767-EB465F5320A1}"
EndProject
Project("{8BC9CEB8-8B4A-11D0-8D11-00A0C91BC942}") = "7CollisionResponse", "7CollisionResponse\7CollisionResponse.vcxproj", "{075089A1-64C6-4885-8862-49189B00CCC6}"
EndProject
Project("{8BC9CEB8-8B4A-11D0-8D11-00A0C91BC942}") = "8CollisionResponse", "8CollisionResponse\8CollisionResponse.vcxproj", "{95DBB63A-6B51-43D7-A8BC-5CA381342274}"
EndProject
Global
	GlobalSection(SolutionConfigurationPlatforms) = preSolution
		Debug|x64 = Debug|x64
		Debug|x86 = Debug|x86
		Release|x64 = Release|x64
		Release|x86 = Release|x86
	EndGlobalSection
	GlobalSection(ProjectConfigurationPlatforms) = postSolution
		{AF59BB0B-E059-4773-83DC-728A949647DA}.Debug|x64.ActiveCfg = Debug|x64
		{AF59BB0B-E059-4773-83DC-728A949647DA}.Debug|x64.Build.0 = Debug|x64
		{AF59BB0B-E059-4773-83DC-728A949647DA}.Debug|x86.ActiveCfg = Debug|Win32
		{AF59BB0B-E059-4773-83DC-728A949647DA}.Debug|x86.Build.0 = Debug|Win32
		{AF59BB0B-E059-4773-83DC-728A949647DA}.Release|x64.ActiveCfg = Release|x64
		{AF59BB0B-E059-4773-83DC-728A949647DA}.Release|x64.Build.0 = Release|x64
		{AF59BB0B-E059-4773-83DC-728A949647DA}.Release|x86.ActiveCfg = Release|Win32
		{AF59BB0B-E059-4773-83DC-728A949647DA}.Release|x86.Build.0 = Release|Win32
		{3F428D0C-1CC8-47C3-818A-A3C2972C74C9}.Debug|x64.ActiveCfg = Debug|x64
		{3F428D0C-1CC8-47C3-818A-A3C2972C74C9}.Debug|x64.Build.0 = Debug|x64
		{3F428D0C-1CC8-47C3-818A-A3C2972C74C9}.Debug|x86.ActiveCfg = Debug|Win32
		{3F428D0C-1CC8-47C3-818A-A3C2972C74C9}.Debug|x86.Build.0 = Debug|Win32
		{3F428D0C-1CC8-47C3-818A-A3C2972C74C9}.Release|x64.ActiveCfg = Release|x64
		{3F428D0C-1CC8-47C3-818A-A3C2972C74C9}.Release|x64.Build.0 = Release|x64
		{3F428D0C-1CC8-47C3-818A-A3C2972C74C9}.Release|x86.ActiveCfg = Release|Win32
		{3F428D0C-1CC8-47C3-818A-A3C2972C74C9}.Release|x86.Build.0 = Release|Win32
		{EA21C4DF-E331-4FCF-8513-14A3F56B77F3}.Debug|x64.ActiveCfg = Debug|x64
		{EA21C4DF-E331-4FCF-8513-14A3F56B77F3}.Debug|x64.Build.0 = Debug|x64
		{EA21C4DF-E331-4FCF-8513-14A3F56B77F3}.Debug|x86.ActiveCfg = Debug|Win32
		{EA21C4DF-E331-4FCF-8513-14A3F56B77F3}.Debug|x86.Build.0 = Debug|Win32
		{EA21C4DF-E331-4FCF-8513-14A3F56B77F3}.Release|x64.ActiveCfg = Release|x64
		{EA21C4DF-E331-4FCF-8513-14A3F56B77F3}.Release|x64.Build.0 = Release|x64
		{EA21C4DF-E331-4FCF-8513-14A3F56B77F3}.Release|x86.ActiveCfg = Release|Win32
		{EA21C4DF-E331-4FCF-8513-14A3F56B77F3}.Release|x86.Build.0 = Release|Win32
		{FCAEE833-6407-4A7E-9BF4-C59027843396}.Debug|x64.ActiveCfg = Debug|x64
		{FCAEE833-6407-4A7E-9BF4-C59027843396}.Debug|x64.Build.0 = Debug|x64
		{FCAEE833-6407-4A7E-9BF4-C59027843396}.Debug|x86.ActiveCfg = Debug|Win32
		{FCAEE833-6407-4A7E-9BF4-C59027843396}.Debug|x86.Build.0 = Debug|Win32
		{FCAEE833-6407-4A7E-9BF4-C59027843396}.Release|x64.ActiveCfg = Release|x64
		{FCAEE833-6407-4A7E-9BF4-C59027843396}.Release|x64.Build.0 = Release|x64
		{FCAEE833-6407-4A7E-9BF4-C59027843396}.Release|x86.ActiveCfg = Release|Win32
		{FCAEE833-6407-4A7E-9BF4-C59027843396}.Release|x86.Build.0 = Release|Win32
		{ABDAAC1D-BCD1-4692-9BBC-A02D1A13C405}.Debug|x64.ActiveCfg = Debug|x64
		{ABDAAC1D-BCD1-4692-9BBC-A02D1A13C405}.Debug|x64.Build.0 = Debug|x64
		{ABDAAC1D-BCD1-4692-9BBC-A02D1A13C405}.Debug|x86.ActiveCfg = Debug|Win32
		{ABDAAC1D-BCD1-4692-9BBC-A02D1A13C405}.Debug|x86.Build.0 = Debug|Win32
		{ABDAAC1D-BCD1-4692-9BBC-A02D1A13C405}.Release|x64.ActiveCfg = Release|x64
		{ABDAAC1D-BCD1-4692-9BBC-A02D1A13C405}.Release|x64.Build.0 = Release|x64
		{ABDAAC1D-BCD1-4692-9BBC-A02D1A13C405}.Release|x86.ActiveCfg = Release|Win32
		{ABDAAC1D-BCD1-4692-9BBC-A02D1A13C405}.Release|x86.Build.0 = Release|Win32
		{CE3ABA65-305A-4D06-A646-73B654B4841F}.Debug|x64.ActiveCfg = Debug|x64
		{CE3ABA65-305A-4D06-A646-73B654B4841F}.Debug|x64.Build.0 = Debug|x64
		{CE3ABA65-305A-4D06-A646-73B654B4841F}.Debug|x86.ActiveCfg = Debug|Win32
		{CE3ABA65-305A-4D06-A646-73B654B4841F}.Debug|x86.Build.0 = Debug|Win32
		{CE3ABA65-305A-4D06-A646-73B654B4841F}.Release|x64.ActiveCfg = Release|x64
		{CE3ABA65-305A-4D06-A646-73B654B4841F}.Release|x64.Build.0 = Release|x64
		{CE3ABA65-305A-4D06-A646-73B654B4841F}.Release|x86.ActiveCfg = Release|Win32
		{CE3ABA65-305A-4D06-A646-73B654B4841F}.Release|x86.Build.0 = Release|Win32
		{81C708A2-4A22-4487-96A1-F132DD1CC1AF}.Debug|x64.ActiveCfg = Debug|x64
		{81C708A2-4A22-4487-96A1-F132DD1CC1AF}.Debug|x64.Build.0 = Debug|x64
		{81C708A2-4A22-4487-96A1-F132DD1CC1AF}.Debug|x86.ActiveCfg = Debug|Win32
		{81C708A2-4A22-4487-96A1-F132DD1CC1AF}.Debug|x86.Build.0 = Debug|Win32
		{81C708A2-4A22-4487-96A1-F132DD1CC1AF}.Release|x64.ActiveCfg = Release|x64
		{81C708A2-4A22-4487-96A1-F132DD1CC1AF}.Release|x64.Build.0 = Release|x64
		{81C708A2-4A22-4487-96A1-F132DD1CC1AF}.Release|x86.ActiveCfg = Release|Win32
		{81C708A2-4A22-4487-96A1-F132DD1CC1AF}.Release|x86.Build.0 = Release|Win32
		{9AA4BFA9-077B-411A-B596-AA330A6D2A9D}.Debug|x64.ActiveCfg = Debug|x64
		{9AA4BFA9-077B-411A-B596-AA330A6D2A9D}.Debug|x64.Build.0 = Debug|x64
		{9AA4BFA9-077B-411A-B596-AA330A6D2A9D}.Debug|x86.ActiveCfg = Debug|Win32
		{9AA4BFA9-077B-411A-B596-AA330A6D2A9D}.Debug|x86.Build.0 = Debug|Win32
		{9AA4BFA9-077B-411A-B596-AA330A6D2A9D}.Release|x64.ActiveCfg = Release|x64
		{9AA4BFA9-077B-411A-B596-AA330A6D2A9D}.Release|x64.Build.0 = Release|x64
		{9AA4BFA9-077B-411A-B596-AA330A6D2A9D}.Release|x86.ActiveCfg = Release|Win32
		{9AA4BFA9-077B-411A-B596-AA330A6D2A9D}.Release|x86.Build.0 = Release|Win32
		{2B8F755E-F340-4B40-A4C3-86719D189FE4}.Debug|x64.ActiveCfg = Debug|x64
		{2B8F755E-F340-4B40-A4C3-86719D189FE4}.Debug|x64.Build.0 = Debug|x64
		{2B8F755E-F340-4B40-A4C3-86719D189FE4}.Debug|x86.ActiveCfg = Debug|Win32
		{2B8F755E-F340-4B40-A4C3-86719D189FE4}.Debug|x86.Build.0 = Debug|Win32
		{2B8F755E-F340-4B40-A4C3-86719D189FE4}.Release|x64.ActiveCfg = Release|x64
		{2B8F755E-F340-4B40-A4C3-86719D189FE4}.Release|x64.Build.0 = Release|x64
		{2B8F755E-F340-4B40-A4C3-86719D189FE4}.Release|x86.ActiveCfg = Release|Win32
		{2B8F755E-F340-4B40-A4C3-86719D189FE4}.Release|x86.Build.0 = Release|Win32
		{AFA93C0B-405D-42C2-89F3-811D1A7BC7EF}.Debug|x64.ActiveCfg = Debug|x64
		{AFA93C0B-405D-42C2-89F3-811D1A7BC7EF}.Debug|x64.Build.0 = Debug|x64
		{AFA93C0B-405D-42C2-89F3-811D1A7BC7EF}.Debug|x86.ActiveCfg = Debug|Win32
		{AFA93C0B-405D-42C2-89F3-811D1A7BC7EF}.Debug|x86.Build.0 = Debug|Win32
		{AFA93C0B-405D-42C2-89F3-811D1A7BC7EF}.Release|x64.ActiveCfg = Release|x64
		{AFA93C0B-405D-42C2-89F3-811D1A7BC7EF}.Release|x64.Build.0 = Release|x64
		{AFA93C0B-405D-42C2-89F3-811D1A7BC7EF}.Release|x86.ActiveCfg = Release|Win32
		{AFA93C0B-405D-42C2-89F3-811D1A7BC7EF}.Release|x86.Build.0 = Release|Win32
		{718ED60E-AFA9-424E-9C19-5C471E7610B3}.Debug|x64.ActiveCfg = Debug|x64
		{718ED60E-AFA9-424E-9C19-5C471E7610B3}.Debug|x64.Build.0 = Debug|x64
		{718ED60E-AFA9-424E-9C19-5C471E7610B3}.Debug|x86.ActiveCfg = Debug|Win32
		{718ED60E-AFA9-424E-9C19-5C471E7610B3}.Debug|x86.Build.0 = Debug|Win32
		{718ED60E-AFA9-424E-9C19-5C471E7610B3}.Release|x64.ActiveCfg = Release|x64
		{718ED60E-AFA9-424E-9C19-5C471E7610B3}.Release|x64.Build.0 = Release|x64
		{718ED60E-AFA9-424E-9C19-5C471E7610B3}.Release|x86.ActiveCfg = Release|Win32
		{718ED60E-AFA9-424E-9C19-5C471E7610B3}.Release|x86.Build.0 = Release|Win32
		{6BAA5E57-BA2E-4A1B-8A3F-B32998C87E08}.Debug|x64.ActiveCfg = Debug|x64
		{6BAA5E57-BA2E-4A1B-8A3F-B32998C87E08}.Debug|x64.Build.0 = Debug|x64
		{6BAA5E57-BA2E-4A1B-8A3F-B32998C87E08}.Debug|x86.ActiveCfg = Debug|Win32
		{6BAA5E57-BA2E-4A1B-8A3F-B32998C87E08}.Debug|x86.Build.0 = Debug|Win32
		{6BAA5E57-BA2E-4A1B-8A3F-B32998C87E08}.Release|x64.ActiveCfg = Release|x64
		{6BAA5E57-BA2E-4A1B-8A3F-B32998C87E08}.Release|x64.Build.0 = Release|x64
		{6BAA5E57-BA2E-4A1B-8A3F-B32998C87E08}.Release|x86.ActiveCfg = Release|Win32
		{6BAA5E57-BA2E-4A1B-8A3F-B32998C87E08}.Release|x86.Build.0 = Release|Win32
		{BB2071A4-1EE4-4A97-8DCC-E198B2626B42}.Debug|x64.ActiveCfg = Debug|x64
		{BB2071A4-1EE4-4A97-8DCC-E198B2626B42}.Debug|x64.Build.0 = Debug|x64
		{BB2071A4-1EE4-4A97-8DCC-E198B2626B42}.Debug|x86.ActiveCfg = Debug|Win32
		{BB2071A4-1EE4-4A97-8DCC-E198B2626B42}.Debug|x86.Build.0 = Debug|Win32
		{BB2071A4-1EE4-4A97-8DCC-E198B2626B42}.Release|x64.ActiveCfg = Release|x64
		{BB2071A4-1EE4-4A97-8DCC-E198B2626B42}.Release|x64.Build.0 = Release|x64
		{BB2071A4-1EE4-4A97-8DCC-E198B2626B42}.Release|x86.ActiveCfg = Release|Win32
		{BB2071A4-1EE4-4A97-8DCC-E198B2626B42}.Release|x86.Build.0 = Release|Win32
		{2E85D6A4-C5D3-4742-8767-EB465F5320A1}.Debug|x64.ActiveCfg = Debug|x64
		{2E85D6A4-C5D3-4742-8767-EB465F5320A1}.Debug|x64.Build.0 = Debug|x64
		{2E85D6A4-C5D3-4742-8767-EB465F5320A1}.Debug|x86.ActiveCfg = Debug|Win32
		{2E85D6A4-C5D3-4742-8767-EB465F5320A1}.Debug|x86.Build.0 = Debug|Win32
		{2E85D6A4-C5D3-4742-8767-EB465F5320A1}.Release|x64.ActiveCfg = Release|x64
		{2E85D6A4-C5D3-4742-8767-EB465F5320A1}.Release|x64.Build.0 = Release|x64
		{2E85D6A4-C5D3-4742-8767-EB465F5320A1}.Release|x86.ActiveCfg = Release|Win32
		{2E85D6A4-C5D3-4742-8767-EB465F5320A1}.Release|x86.Build.0 = Release|Win32
		{075089A1-64C6-4885-8862-49189B00CCC6}.Debug|x64.ActiveCfg = Debug|x64
		{075089A1-64C6-4885-8862-49189B00CCC6}.Debug|x64.Build.0 = Debug|x64
		{075089A1-64C6-4885-8862-49189B00CCC6}.Debug|x86.ActiveCfg = Debug|Win32
		{075089A1-64C6-4885-8862-49189B00CCC6}.Debug|x86.Build.0 = Debug|Win32
		{075089A1-64C6-4885-8862-49189B00CCC6}.Release|x64.ActiveCfg = Release|x64
		{075089A1-64C6-4885-8862-49189B00CCC6}.Release|x64.Build.0 = Release|x64
		{075089A1-64C6-4885-8862-49189B00CCC6}.Release|x86.ActiveCfg = Release|Win32
		{075089A1-64C6-4885-8862-49189B00CCC6}.Release|x86.Build.0 = Release|Win32
		{95DBB63A-6B51-43D7-A8BC-5CA381342274}.Debug|x64.ActiveCfg = Debug|x64
		{95DBB63A-6B51-43D7-A8BC-5CA381342274}.Debug|x64.Build.0 = Debug|x64
		{95DBB63A-6B51-43D7-A8BC-5CA381342274}.Debug|x86.ActiveCfg = Debug|Win32
		{95DBB63A-6B51-43D7-A8BC-5CA381342274}.Debug|x86.Build.0 = Debug|Win32
		{95DBB63A-6B51-43D7-A8BC-5CA381342274}.Release|x64.ActiveCfg = Release|x64
		{95DBB63A-6B51-43D7-A8BC-5CA381342274}.Release|x64.Build.0 = Release|x64
		{95DBB63A-6B51-43D7-A8BC-5CA381342274}.Release|x86.ActiveCfg = Release|Win32
		{95DBB63A-6B51-43D7-A8BC-5CA381342274}.Release|x86.Build.0 = Release|Win32
	EndGlobalSection
	GlobalSection(SolutionProperties) = preSolution
		HideSolutionNode = FALSE
	EndGlobalSection
	GlobalSection(ExtensibilityGlobals) = postSolution
		SolutionGuid = {F7DA93EB-B982-4E54-938A-1A54369E7BAC}
	EndGlobalSection
EndGlobal
